
Microsoft Visual Studio Solution File, Format Version 12.00
# Visual Studio Version 17
VisualStudioVersion = 17.11.35303.130
MinimumVisualStudioVersion = 10.0.40219.1
Project("{FAE04EC0-301F-11D3-BF4B-00C04F79EFBC}") = "Aurora.Client.WPF_Application", "Aurora.Client.WPF_Application\Aurora.Client.WPF_Application.csproj", "{4C159E47-A2E0-4049-8249-1A11D7894148}"
EndProject
Project("{FAE04EC0-301F-11D3-BF4B-00C04F79EFBC}") = "Aurora.Client.Communication", "Aurora.Client.Communication\Aurora.Client.Communication.csproj", "{829713E7-6D98-4503-8F7D-1ED942E5881B}"
EndProject
Global
	GlobalSection(SolutionConfigurationPlatforms) = preSolution
		Debug|Any CPU = Debug|Any CPU
		Release|Any CPU = Release|Any CPU
	EndGlobalSection
	GlobalSection(ProjectConfigurationPlatforms) = postSolution
		{4C159E47-A2E0-4049-8249-1A11D7894148}.Debug|Any CPU.ActiveCfg = Debug|Any CPU
		{4C159E47-A2E0-4049-8249-1A11D7894148}.Debug|Any CPU.Build.0 = Debug|Any CPU
		{4C159E47-A2E0-4049-8249-1A11D7894148}.Release|Any CPU.ActiveCfg = Release|Any CPU
		{4C159E47-A2E0-4049-8249-1A11D7894148}.Release|Any CPU.Build.0 = Release|Any CPU
		{829713E7-6D98-4503-8F7D-1ED942E5881B}.Debug|Any CPU.ActiveCfg = Debug|Any CPU
		{829713E7-6D98-4503-8F7D-1ED942E5881B}.Debug|Any CPU.Build.0 = Debug|Any CPU
		{829713E7-6D98-4503-8F7D-1ED942E5881B}.Release|Any CPU.ActiveCfg = Release|Any CPU
		{829713E7-6D98-4503-8F7D-1ED942E5881B}.Release|Any CPU.Build.0 = Release|Any CPU
	EndGlobalSection
	GlobalSection(SolutionProperties) = preSolution
		HideSolutionNode = FALSE
	EndGlobalSection
	GlobalSection(ExtensibilityGlobals) = postSolution
		SolutionGuid = {B7265C99-D770-483E-B4FB-30EFFC442F9F}
	EndGlobalSection
EndGlobal
